
Microsoft Visual Studio Solution File, Format Version 12.00
# Visual Studio Version 16
VisualStudioVersion = 16.0.30011.22
MinimumVisualStudioVersion = 10.0.40219.1
Project("{FAE04EC0-301F-11D3-BF4B-00C04F79EFBC}") = "MiniTC", "MiniTC\MiniTC.csproj", "{40AD3387-BF35-4B7F-B0A7-4E6964174B1E}"
EndProject
Global
	GlobalSection(SolutionConfigurationPlatforms) = preSolution
		Debug|Any CPU = Debug|Any CPU
		Release|Any CPU = Release|Any CPU
	EndGlobalSection
	GlobalSection(ProjectConfigurationPlatforms) = postSolution
		{40AD3387-BF35-4B7F-B0A7-4E6964174B1E}.Debug|Any CPU.ActiveCfg = Debug|Any CPU
		{40AD3387-BF35-4B7F-B0A7-4E6964174B1E}.Debug|Any CPU.Build.0 = Debug|Any CPU
		{40AD3387-BF35-4B7F-B0A7-4E6964174B1E}.Release|Any CPU.ActiveCfg = Release|Any CPU
		{40AD3387-BF35-4B7F-B0A7-4E6964174B1E}.Release|Any CPU.Build.0 = Release|Any CPU
	EndGlobalSection
	GlobalSection(SolutionProperties) = preSolution
		HideSolutionNode = FALSE
	EndGlobalSection
	GlobalSection(ExtensibilityGlobals) = postSolution
		SolutionGuid = {A7C508F1-41E6-4251-B4CA-DFD683267DA8}
	EndGlobalSection
EndGlobal
